<?xml version="1.0" encoding="utf-8"?>
<Project ToolsVersion="4.0" xmlns="http://schemas.microsoft.com/developer/msbuild/2003">
  <ItemGroup>
    <ClCompile Include="core\pch.cpp">
      <Filter>core</Filter>
    </ClCompile>
    <ClCompile Include="$(GeneratedFilesDir)module.g.cpp">
      <Filter>core</Filter>
    </ClCompile>
  </ItemGroup>
  <ItemGroup>
    <Image Include="Assets\Wide310x150Logo.scale-200.png">
      <Filter>Assets</Filter>
    </Image>
    <Image Include="Assets\StoreLogo.png">
      <Filter>Assets</Filter>
    </Image>
    <Image Include="Assets\Square150x150Logo.scale-200.png">
      <Filter>Assets</Filter>
    </Image>
    <Image Include="Assets\Square44x44Logo.targetsize-24_altform-unplated.png">
      <Filter>Assets</Filter>
    </Image>
    <Image Include="Assets\Square44x44Logo.scale-200.png">
      <Filter>Assets</Filter>
    </Image>
    <Image Include="Assets\SplashScreen.scale-200.png">
      <Filter>Assets</Filter>
    </Image>
    <Image Include="Assets\LockScreenLogo.scale-200.png">
      <Filter>Assets</Filter>
    </Image>
  </ItemGroup>
  <ItemGroup>
    <Filter Include="Assets">
      <UniqueIdentifier>{43b68f55-e482-46b9-a1df-3d435c2cff76}</UniqueIdentifier>
    </Filter>
    <Filter Include="view">
      <UniqueIdentifier>{af027f31-318b-419f-975a-a75667ba01c7}</UniqueIdentifier>
    </Filter>
    <Filter Include="model">
      <UniqueIdentifier>{e3994dc8-f650-43f8-b7d8-62c991f188bc}</UniqueIdentifier>
    </Filter>
    <Filter Include="core">
      <UniqueIdentifier>{69e6f523-ab4d-4ae4-a177-f7c40d2116ac}</UniqueIdentifier>
    </Filter>
  </ItemGroup>
  <ItemGroup>
    <Manifest Include="app.manifest" />
  </ItemGroup>
  <ItemGroup>
    <AppxManifest Include="Package.appxmanifest" />
  </ItemGroup>
  <ItemGroup>
    <Page Include="view\MainWindow.xaml">
      <Filter>view</Filter>
    </Page>
  </ItemGroup>
  <ItemGroup>
    <ApplicationDefinition Include="view\App.xaml">
      <Filter>view</Filter>
    </ApplicationDefinition>
  </ItemGroup>
  <ItemGroup>
    <None Include="packages.config" />
  </ItemGroup>
  <ItemGroup>
    <ClInclude Include="core\pch.h">
      <Filter>core</Filter>
    </ClInclude>
    <ClInclude Include="core\controls.h">
      <Filter>core</Filter>
    </ClInclude>
  </ItemGroup>
</Project>